schema: '2.0'
stages:
  download_ord_close:
    cmd: python -m data_tools.cli.download_bbg_daily data/raw/adr_info.csv 
      data/raw/ordinary/ord_PX_LAST_adjust_none.csv --tickers_columns=id 
      --include_suffix --field=PX_LAST --start_date=2018-05-01 
      --end_date=2026-03-06
    deps:
    - path: data/raw/adr_info.csv
      hash: md5
      md5: b96a1cc90a7c358ac39329f8c6b68fc9
      size: 13988
    params:
      params.yaml:
        end_date: '2026-03-06'
        start_date: '2018-05-01'
    outs:
    - path: data/raw/ordinary/ord_PX_LAST_adjust_none.csv
      hash: md5
      md5: 1986a38c185d3fe6294e8f5d28bcb3b1
      size: 891474
  adj_download_ord_close:
    cmd: python -m data_tools.cli.download_bbg_daily data/raw/adr_info.csv 
      data/raw/ordinary/ord_PX_LAST_adjust_all.csv --tickers_columns=id 
      --include_suffix --adjust=all --field=PX_LAST --start_date=2018-05-01 
      --end_date=2026-03-06
    deps:
    - path: data/raw/adr_info.csv
      hash: md5
      md5: b96a1cc90a7c358ac39329f8c6b68fc9
      size: 13988
    params:
      params.yaml:
        end_date: '2026-03-06'
        start_date: '2018-05-01'
    outs:
    - path: data/raw/ordinary/ord_PX_LAST_adjust_all.csv
      hash: md5
      md5: a616a86b7f19ed9e00ac43df056940c0
      size: 1030379
  convert_ord_currency_close:
    cmd: PYTHONPATH=. python -m 
      adr_strategy_kernel.pipelines.closing_domestic_prices
    deps:
    - path: adr_strategy_kernel
      hash: md5
      md5: 7a3637fbf7e71feb835be6004c810a6d.dir
      size: 190708
      nfiles: 28
    - path: data/raw/adr_info.csv
      hash: md5
      md5: b96a1cc90a7c358ac39329f8c6b68fc9
      size: 13988
    - path: data/raw/adrs/share_reclass.csv
      hash: md5
      md5: 5fab0660d954290fae62234bf6bcfe8d
      size: 761
    - path: data/raw/all_splits.csv
      hash: md5
      md5: 644f4daf1640c022e8112389a8532346
      size: 16515
    - path: data/raw/currencies/minute_bars/AUDUSD_full_1min.txt
      hash: md5
      md5: 70c6eed97eae9824f198b24d8bd1d5ca
      size: 323357893
    - path: data/raw/currencies/minute_bars/CHFUSD_full_1min.txt
      hash: md5
      md5: da0941120da7aa4154a76430f67ca724
      size: 574697958
    - path: data/raw/currencies/minute_bars/DKKUSD_full_1min.txt
      hash: md5
      md5: c48848ad1a265974aaacbc0c76380b3a
      size: 402068007
    - path: data/raw/currencies/minute_bars/EURUSD_full_1min.txt
      hash: md5
      md5: 90b074c898ab28c9b0d4f2947b68339d
      size: 324415481
    - path: data/raw/currencies/minute_bars/GBPUSD_full_1min.txt
      hash: md5
      md5: c21f1cc0b6d35a814cdc762cfcdc8908
      size: 324008632
    - path: data/raw/currencies/minute_bars/HKDUSD_full_1min.txt
      hash: md5
      md5: f50fc7a499999bed057cb56ec938736c
      size: 396348181
    - path: data/raw/currencies/minute_bars/JPYUSD_full_1min.txt
      hash: md5
      md5: 4686cbf0f9bff5ccdb6c3672e357cf62
      size: 628797535
    - path: data/raw/currencies/minute_bars/NOKUSD_full_1min.txt
      hash: md5
      md5: 989c3a494c7f8520969c2246bc396c2a
      size: 403541240
    - path: data/raw/currencies/minute_bars/SEKUSD_full_1min.txt
      hash: md5
      md5: f940e32e61689471d9a9ae71e0543780
      size: 405433394
    - path: data/raw/ordinary/ord_PX_LAST_adjust_all.csv
      hash: md5
      md5: a616a86b7f19ed9e00ac43df056940c0
      size: 1030379
    - path: data/raw/ordinary/ord_PX_LAST_adjust_none.csv
      hash: md5
      md5: 1986a38c185d3fe6294e8f5d28bcb3b1
      size: 891474
    outs:
    - path: data/processed/ordinary/ord_close_to_usd_adr_PX_LAST_adjust_all.csv
      hash: md5
      md5: a36f2487f471baf2ec404e07c1393f67
      size: 2161741
    - path: data/processed/ordinary/ord_close_to_usd_adr_PX_LAST_adjust_none.csv
      hash: md5
      md5: 35724371bab276e26288d9ef946a09e3
      size: 2067736
  download_adr_close:
    cmd: python -m data_tools.cli.download_bbg_daily data/raw/adr_info.csv 
      data/raw/adrs/adr_PX_LAST_adjust_none.csv --tickers_columns=adr 
      --field=PX_LAST --start_date=2018-05-01 --end_date=2026-03-06
    deps:
    - path: data/raw/adr_info.csv
      hash: md5
      md5: b96a1cc90a7c358ac39329f8c6b68fc9
      size: 13988
    params:
      params.yaml:
        end_date: '2026-03-06'
        start_date: '2018-05-01'
    outs:
    - path: data/raw/adrs/adr_PX_LAST_adjust_none.csv
      hash: md5
      md5: 225095a046bbf49a78dbb59991fd87fd
      size: 878378
  adr_adjustments:
    cmd: python src/get_adjustments.py data/raw/adrs/adr_PX_LAST_adjust_none.csv
      data/processed/adrs/adr_adjustment_factors.csv --symbol_suffix=" US 
      Equity"
    deps:
    - path: data/raw/adrs/adr_PX_LAST_adjust_none.csv
      hash: md5
      md5: 225095a046bbf49a78dbb59991fd87fd
      size: 878378
    - path: src/get_adjustments.py
      hash: md5
      md5: 68ed05c2f22665e85f1319021dd057fe
      size: 4260
    outs:
    - path: data/processed/adrs/adr_adjustment_factors.csv
      hash: md5
      md5: 9fdf5418195bbb3e2973576b8beb8528
      size: 150880
  download_etf_close:
    cmd: python src/download_bbg_daily.py data/raw/adr_info.csv 
      data/raw/etfs/etf_PX_LAST_adjust_none.csv 
      --tickers_columns=market_etf_hedge --symbol_suffix=" US Equity"
    deps:
    - path: data/raw/adr_info.csv
      hash: md5
      md5: b45a6f5e94c5a9cf1494f8bcbd1e5f0f
      size: 4598
    - path: src/download_bbg_daily.py
      hash: md5
      md5: 9aae6958fad6eec297aa9f6943da5a94
      size: 2348
    params:
      params.yaml:
        download.end_date: '2025-06-30'
        download.start_date: '2025-06-01'
    outs:
    - path: data/raw/etfs/etf_PX_LAST_adjust_none.csv
      hash: md5
      md5: 5ea8396952149f3bc08eb31b5c77e0d4
      size: 343
  etf_adjustments:
    cmd: python src/get_adjustments.py data/raw/etfs/etf_PX_LAST_adjust_none.csv
      data/processed/etfs/etf_adjustment_factors.csv --symbol_suffix=" US 
      Equity"
    deps:
    - path: data/raw/etfs/etf_PX_LAST_adjust_none.csv
      hash: md5
      md5: 5ea8396952149f3bc08eb31b5c77e0d4
      size: 343
    - path: src/get_adjustments.py
      hash: md5
      md5: 68ed05c2f22665e85f1319021dd057fe
      size: 4260
    outs:
    - path: data/processed/etfs/etf_adjustment_factors.csv
      hash: md5
      md5: 7cf8afa31500d0dbb0fdb1ac0130259e
      size: 272
  adr_mid_at_ordinary_auction:
    cmd: PYTHONPATH=. python -m 
      adr_strategy_kernel.pipelines.adr_mid_at_ordinary_auction
    deps:
    - path: adr_strategy_kernel
      hash: md5
      md5: 7a3637fbf7e71feb835be6004c810a6d.dir
      size: 190708
      nfiles: 28
    - path: data/processed/adrs/adr_adjustment_factors.csv
      hash: md5
      md5: 9fdf5418195bbb3e2973576b8beb8528
      size: 150880
    - path: data/raw/adr_info.csv
      hash: md5
      md5: b96a1cc90a7c358ac39329f8c6b68fc9
      size: 13988
    - path: data/raw/adrs/adr_PX_LAST_adjust_none.csv
      hash: md5
      md5: 225095a046bbf49a78dbb59991fd87fd
      size: 878378
    - path: data/raw/adrs/bbo-1m/nbbo
      hash: md5
      md5: 09853134d5d7fec3deaeefd9672d4385.dir
      size: 3791672073
      nfiles: 76
    params:
      params.yaml:
        end_date: '2026-03-06'
        start_date: '2018-05-01'
    outs:
    - path: data/processed/adrs/adr_mid_at_ord_auction_adjust_all.csv
      hash: md5
      md5: 113452d2d07886a3449853819a24ee02
      size: 1520259
    - path: data/processed/adrs/adr_mid_at_ord_auction_adjust_none.csv
      hash: md5
      md5: 4ea7976e84f76630622eb8d18178dd15
      size: 929138
  usd_index_futures:
    cmd: PYTHONPATH=. python -m adr_strategy_kernel.pipelines.usd_index_futures
    deps:
    - path: adr_strategy_kernel
      hash: md5
      md5: 7a3637fbf7e71feb835be6004c810a6d.dir
      size: 190708
      nfiles: 28
    - path: data/raw/currencies/minute_bars/EURUSD_full_1min.txt
      hash: md5
      md5: 90b074c898ab28c9b0d4f2947b68339d
      size: 324415481
    - path: data/raw/currencies/minute_bars/GBPUSD_full_1min.txt
      hash: md5
      md5: c21f1cc0b6d35a814cdc762cfcdc8908
      size: 324008632
    - path: data/raw/currencies/minute_bars/JPYUSD_full_1min.txt
      hash: md5
      md5: 4686cbf0f9bff5ccdb6c3672e357cf62
      size: 628797535
    - path: 
        data/raw/futures/minute_bars/FCE_full_1min_continuous_ratio_adjusted.txt
      hash: md5
      md5: fa0ce49ba32eefdb714aa6f6ee11010b
      size: 182456889
    - path: 
        data/raw/futures/minute_bars/FDAX_full_1min_continuous_ratio_adjusted.txt
      hash: md5
      md5: 9a9e86ea4789269c7096cd413aa49e86
      size: 252969618
    - path: 
        data/raw/futures/minute_bars/FESX_full_1min_continuous_ratio_adjusted.txt
      hash: md5
      md5: e21ea5801dc211ea6b7e2743c0ec1f33
      size: 226295313
    - path: 
        data/raw/futures/minute_bars/FTI_full_1min_continuous_ratio_adjusted.txt
      hash: md5
      md5: fea65ba5bd8110c000de473a1a4f2341
      size: 146023583
    - path: 
        data/raw/futures/minute_bars/FTUK_full_1min_continuous_ratio_adjusted.txt
      hash: md5
      md5: 97a8d2a6250c213b2b5d444200d59f04
      size: 215229837
    - path: 
        data/raw/futures/minute_bars/FXXP_full_1min_continuous_ratio_adjusted.txt
      hash: md5
      md5: 459acf38df06de96ac0e7088ce9fa604
      size: 86732770
    - path: 
        data/raw/futures/minute_bars/MME_full_1min_continuous_ratio_adjusted.txt
      hash: md5
      md5: 4580a6d068fbd1db688673a1a60b4788
      size: 160882053
    outs:
    - path: 
        data/processed/futures/converted_minute_bars/symbol=FCE/FCE_close_to_usd_1min.parquet
      hash: md5
      md5: b921c83910fbfb9bff42e8d8beb7684c
      size: 90117754
    - path: 
        data/processed/futures/converted_minute_bars/symbol=FDAX/FDAX_close_to_usd_1min.parquet
      hash: md5
      md5: 0b3abe00e9889a6b228f75ccd7717a9d
      size: 123680426
    - path: 
        data/processed/futures/converted_minute_bars/symbol=FESX/FESX_close_to_usd_1min.parquet
      hash: md5
      md5: 7c9f3b26cdc2413ec455d803363096dd
      size: 108679507
    - path: 
        data/processed/futures/converted_minute_bars/symbol=FTI/FTI_close_to_usd_1min.parquet
      hash: md5
      md5: 1efbba11188a72947e247aa09c899401
      size: 75337934
    - path: 
        data/processed/futures/converted_minute_bars/symbol=FTUK/FTUK_close_to_usd_1min.parquet
      hash: md5
      md5: 7f4d50493674ea95ed2da322b2510cfe
      size: 111167323
    - path: 
        data/processed/futures/converted_minute_bars/symbol=FXXP/FXXP_close_to_usd_1min.parquet
      hash: md5
      md5: ada28228c143981410817d6c7026d4b4
      size: 44518070
    - path: 
        data/processed/futures/converted_minute_bars/symbol=MME/MME_close_to_usd_1min.parquet
      hash: md5
      md5: 237e618373ae9ca9170ed0e07ff8d96b
      size: 32513430
    - path: 
        data/processed/futures/converted_minute_bars/symbol=NIY/NIY_close_to_usd_1min.parquet
      hash: md5
      md5: a9fceeb65cd51b8185348df67a10b503
      size: 137389614
  create_nbbo_adr_bbo-1m:
    cmd: python -m data_tools.cli.nbbo_consolidate_bbo_1m_with_append 
      --tickers=data/raw/adr_info.csv --tickers_columns=adr 
      --raw_data_dir=data/raw/adrs/bbo-1m/by_exchange 
      --output_dir=data/raw/adrs/bbo-1m/nbbo --parallel --ncores=20 
      --partition_period=none
    deps:
    - path: data/raw/adr_info.csv
      hash: md5
      md5: b96a1cc90a7c358ac39329f8c6b68fc9
      size: 13988
    - path: data/raw/adrs/bbo-1m/by_exchange
      hash: md5
      md5: 79b22089cfde0bfdf14d794b579a97a2.dir
      size: 6255279360
      nfiles: 243
    outs:
    - path: data/raw/adrs/bbo-1m/nbbo
      hash: md5
      md5: 09853134d5d7fec3deaeefd9672d4385.dir
      size: 3791672073
      nfiles: 76
  download_adr_turnover:
    cmd: python -m data_tools.cli.download_bbg_daily data/raw/adr_info.csv 
      data/raw/adrs/adr_turnover.csv --tickers_columns=adr --field=TURNOVER 
      --start_date=2018-05-01 --end_date=2026-03-06
    deps:
    - path: data/raw/adr_info.csv
      hash: md5
      md5: b96a1cc90a7c358ac39329f8c6b68fc9
      size: 13988
    params:
      params.yaml:
        end_date: '2026-03-06'
        start_date: '2018-05-01'
    outs:
    - path: data/raw/adrs/adr_turnover.csv
      hash: md5
      md5: 1c50dead223a2767407aad9f3a12278f
      size: 1646036
  adj_market_etf_close:
    cmd: python -m data_tools.cli.download_bbg_daily data/raw/adr_info.csv 
      data/raw/etfs/market/market_etf_PX_LAST_adjust_all.csv 
      --tickers_columns=market_etf_hedge --symbol_suffix=" US Equity" 
      --adjust=all --pad_lookback=280 --field=PX_LAST --start_date=2018-05-01 
      --end_date=2026-03-06
    deps:
    - path: data/raw/adr_info.csv
      hash: md5
      md5: b96a1cc90a7c358ac39329f8c6b68fc9
      size: 13988
    params:
      params.yaml:
        end_date: '2026-03-06'
        start_date: '2018-05-01'
    outs:
    - path: data/raw/etfs/market/market_etf_PX_LAST_adjust_all.csv
      hash: md5
      md5: fe65383789deccb7a829722f909d26d1
      size: 108758
  download_market_etf_close:
    cmd: python -m data_tools.cli.download_bbg_daily data/raw/adr_info.csv 
      data/raw/etfs/market/market_etf_PX_LAST_adjust_none.csv 
      --tickers_columns=market_etf_hedge --symbol_suffix=" US Equity" 
      --field=PX_LAST --start_date=2018-05-01 --end_date=2026-03-06
    deps:
    - path: data/raw/adr_info.csv
      hash: md5
      md5: b96a1cc90a7c358ac39329f8c6b68fc9
      size: 13988
    params:
      params.yaml:
        end_date: '2026-03-06'
        start_date: '2018-05-01'
    outs:
    - path: data/raw/etfs/market/market_etf_PX_LAST_adjust_none.csv
      hash: md5
      md5: 45fbc53efad88df9709a474769dcecfd
      size: 79932
  stock_splits:
    cmd: python -m src.get_splits
    deps:
    - path: data/raw/adr_info.csv
      hash: md5
      md5: b96a1cc90a7c358ac39329f8c6b68fc9
      size: 13988
    - path: data/raw/sector_etfs.csv
      hash: md5
      md5: 02c63679f3fe993ff61186cb5efa03e6
      size: 176
    - path: src/get_splits.py
      hash: md5
      md5: ed87ad44d0870fcfa24b5f67b5589aea
      size: 984
    outs:
    - path: data/raw/all_splits.csv
      hash: md5
      md5: 644f4daf1640c022e8112389a8532346
      size: 16515
  adr_open_mean_premium:
    cmd: python -m src.adr_open_mean_prem
    deps:
    - path: data/raw/adr_info.csv
      hash: md5
      md5: b96a1cc90a7c358ac39329f8c6b68fc9
      size: 13988
    - path: src/adr_open_mean_prem.py
      hash: md5
      md5: e4842b49209faaaeb1ac40514ebd8646
      size: 908
    params:
      params.yaml:
        avg_premium_lookback_days: 250
    outs:
    - path: data/processed/adrs/adr_open_mean_premium.csv
      hash: md5
      md5: 457366be11c180e21fb1729c72e51d71
      size: 2424643
  usdjpy_to_jpyusd:
    cmd: python src/usdjpy_to_jpyusd_bars.py
    deps:
    - path: data/raw/currencies/minute_bars/USDJPY_full_1min.txt
      hash: md5
      md5: 2b226d315cc54568442204f8aa2cd013
      size: 321220481
    - path: src/usdjpy_to_jpyusd_bars.py
      hash: md5
      md5: a7a414fd0cf3abfb0ceff6b669260d4c
      size: 700
    outs:
    - path: data/raw/currencies/minute_bars/JPYUSD_full_1min.txt
      hash: md5
      md5: 4686cbf0f9bff5ccdb6c3672e357cf62
      size: 628797535
  usdchf_to_chfusd:
    cmd: python src/invert_fx_minute_bars.py --data-dir 
      data/raw/currencies/minute_bars --pair USDCHF:CHFUSD
    deps:
    - path: data/raw/currencies/minute_bars/USDCHF_full_1min.txt
      hash: md5
      md5: 68393a7181bea6b25301fcc4e4b05010
      size: 321427136
    - path: src/invert_fx_minute_bars.py
      hash: md5
      md5: 23e6a861a4eab25420d6c39e00edb2da
      size: 1540
    outs:
    - path: data/raw/currencies/minute_bars/CHFUSD_full_1min.txt
      hash: md5
      md5: da0941120da7aa4154a76430f67ca724
      size: 574697958
  usdhkd_to_hkdusd:
    cmd: python src/invert_fx_minute_bars.py --data-dir 
      data/raw/currencies/minute_bars --pair USDHKD:HKDUSD
    deps:
    - path: data/raw/currencies/minute_bars/USDHKD_full_1min.txt
      hash: md5
      md5: 37ec63b7f704f048eee3eb408ad35df6
      size: 210937354
    - path: src/invert_fx_minute_bars.py
      hash: md5
      md5: 23e6a861a4eab25420d6c39e00edb2da
      size: 1540
    outs:
    - path: data/raw/currencies/minute_bars/HKDUSD_full_1min.txt
      hash: md5
      md5: f50fc7a499999bed057cb56ec938736c
      size: 396348181
  download_scandi_usd_fx_bars:
    cmd: python src/download_histdata_fx_minute_bars.py --pairs USDNOK USDSEK 
      USDDKK --start-year 2015 --output-dir data/raw/currencies/minute_bars
    deps:
    - path: src/download_histdata_fx_minute_bars.py
      hash: md5
      md5: 5ded3fd5583f7c84f7e801aea5472d89
      size: 8452
    outs:
    - path: data/raw/currencies/minute_bars/USDDKK_full_1min.txt
      hash: md5
      md5: c7f1dca69ab560819c4b990b2abc2cef
      size: 208797153
    - path: data/raw/currencies/minute_bars/USDNOK_full_1min.txt
      hash: md5
      md5: f11334154d4d0b5299fd93b78cdf10ef
      size: 213408112
    - path: data/raw/currencies/minute_bars/USDSEK_full_1min.txt
      hash: md5
      md5: b6005c50720539e5f85ccee2c7d45eb8
      size: 213648777
  invert_scandi_usd_fx_bars:
    cmd: python src/invert_fx_minute_bars.py --data-dir 
      data/raw/currencies/minute_bars --pair USDNOK:NOKUSD --pair USDSEK:SEKUSD 
      --pair USDDKK:DKKUSD
    deps:
    - path: data/raw/currencies/minute_bars/USDDKK_full_1min.txt
      hash: md5
      md5: c7f1dca69ab560819c4b990b2abc2cef
      size: 208797153
    - path: data/raw/currencies/minute_bars/USDNOK_full_1min.txt
      hash: md5
      md5: f11334154d4d0b5299fd93b78cdf10ef
      size: 213408112
    - path: data/raw/currencies/minute_bars/USDSEK_full_1min.txt
      hash: md5
      md5: b6005c50720539e5f85ccee2c7d45eb8
      size: 213648777
    - path: src/invert_fx_minute_bars.py
      hash: md5
      md5: 23e6a861a4eab25420d6c39e00edb2da
      size: 1540
    outs:
    - path: data/raw/currencies/minute_bars/DKKUSD_full_1min.txt
      hash: md5
      md5: c48848ad1a265974aaacbc0c76380b3a
      size: 402068007
    - path: data/raw/currencies/minute_bars/NOKUSD_full_1min.txt
      hash: md5
      md5: 989c3a494c7f8520969c2246bc396c2a
      size: 403541240
    - path: data/raw/currencies/minute_bars/SEKUSD_full_1min.txt
      hash: md5
      md5: f940e32e61689471d9a9ae71e0543780
      size: 405433394
  split_adj_download_ord_close:
    cmd: python -m data_tools.cli.download_bbg_daily data/raw/adr_info.csv 
      data/raw/ordinary/ord_PX_LAST_adjust_split.csv --tickers_columns=id 
      --include_suffix --adjust=split --pad_lookback=280 --field=PX_LAST 
      --start_date=2018-05-01 --end_date=2026-03-06
    deps:
    - path: data/raw/adr_info.csv
      hash: md5
      md5: b96a1cc90a7c358ac39329f8c6b68fc9
      size: 13988
    params:
      params.yaml:
        end_date: '2026-03-06'
        start_date: '2018-05-01'
    outs:
    - path: data/raw/ordinary/ord_PX_LAST_adjust_split.csv
      hash: md5
      md5: 9bfb906e8d6d31bb1631223b3cc55bbb
      size: 989290
  download_index_close:
    cmd: python -m data_tools.cli.download_bbg_daily 
      data/raw/futures_symbols.csv data/raw/indices/indices_PX_LAST.csv 
      --tickers_columns=index --symbol_suffix=" Index" --pad_lookback=280 
      --field=PX_LAST --start_date=2018-05-01 --end_date=2026-03-06
    deps:
    - path: data/raw/adr_info.csv
      hash: md5
      md5: b96a1cc90a7c358ac39329f8c6b68fc9
      size: 13988
    params:
      params.yaml:
        end_date: '2026-03-06'
        pred.lookback_days: 280
        start_date: '2018-05-01'
    outs:
    - path: data/raw/indices/indices_PX_LAST.csv
      hash: md5
      md5: 539a4c4af52d9c6f9b319b67c9ac058b
      size: 215299
  download_close_times:
    cmd: python src/download_close_times.py
    deps:
    - path: data/raw/adr_info.csv
      hash: md5
      md5: b96a1cc90a7c358ac39329f8c6b68fc9
      size: 13988
    - path: data/raw/futures_symbols.csv
      hash: md5
      md5: bc77bc248a7f78ef84aa5166122e9bbc
      size: 271
    - path: src/download_close_times.py
      hash: md5
      md5: 01bbd6bfb1a501b45966a5e570c633fc
      size: 1108
    outs:
    - path: data/raw/bloomberg_close_times.csv
      hash: md5
      md5: 360a38fdb71e899022876699dd5e695a
      size: 2014
  build_aligned_index_prices:
    cmd: PYTHONPATH=. python -m 
      adr_strategy_kernel.pipelines.build_aligned_index_prices
    deps:
    - path: adr_strategy_kernel
      hash: md5
      md5: 7a3637fbf7e71feb835be6004c810a6d.dir
      size: 190708
      nfiles: 28
    - path: data/raw/adr_info.csv
      hash: md5
      md5: b96a1cc90a7c358ac39329f8c6b68fc9
      size: 13988
    - path: data/raw/bloomberg_close_times.csv
      hash: md5
      md5: 360a38fdb71e899022876699dd5e695a
      size: 2014
    - path: data/raw/close_time_offsets.csv
      hash: md5
      md5: 8ac1edb9cfabc05c263bfa27e6bf4014
      size: 182
    - path: 
        data/raw/futures/minute_bars/FDAX_full_1min_continuous_ratio_adjusted.txt
      hash: md5
      md5: 9a9e86ea4789269c7096cd413aa49e86
      size: 252969618
    - path: 
        data/raw/futures/minute_bars/FESX_full_1min_continuous_ratio_adjusted.txt
      hash: md5
      md5: e21ea5801dc211ea6b7e2743c0ec1f33
      size: 226295313
    - path: 
        data/raw/futures/minute_bars/FTUK_full_1min_continuous_ratio_adjusted.txt
      hash: md5
      md5: 97a8d2a6250c213b2b5d444200d59f04
      size: 215229837
    - path: 
        data/raw/futures/minute_bars/FXXP_full_1min_continuous_ratio_adjusted.txt
      hash: md5
      md5: 459acf38df06de96ac0e7088ce9fa604
      size: 86732770
    - path: 
        data/raw/futures/minute_bars/MME_full_1min_continuous_ratio_adjusted.txt
      hash: md5
      md5: 4580a6d068fbd1db688673a1a60b4788
      size: 160882053
    - path: 
        data/raw/futures/minute_bars/NIY_full_1min_continuous_ratio_adjusted.txt
      hash: md5
      md5: 6475137647d777be925c456f626d1e58
      size: 249453351
    - path: data/raw/futures_symbols.csv
      hash: md5
      md5: bc77bc248a7f78ef84aa5166122e9bbc
      size: 271
    - path: data/raw/indices/indices_PX_LAST.csv
      hash: md5
      md5: 539a4c4af52d9c6f9b319b67c9ac058b
      size: 215299
    outs:
    - path: data/processed/aligned_index_prices.csv
      hash: md5
      md5: a0fc9d8cd07f2c190bf4a12f1c78f8ea
      size: 1258788
  index_only_model:
    cmd: PYTHONPATH=. python -m adr_strategy_kernel.pipelines.index_only_betas
    deps:
    - path: adr_strategy_kernel
      hash: md5
      md5: 7a3637fbf7e71feb835be6004c810a6d.dir
      size: 190708
      nfiles: 28
    - path: data/processed/aligned_index_prices.csv
      hash: md5
      md5: a0fc9d8cd07f2c190bf4a12f1c78f8ea
      size: 1258788
    - path: data/raw/adr_info.csv
      hash: md5
      md5: b96a1cc90a7c358ac39329f8c6b68fc9
      size: 13988
    - path: data/raw/close_time_offsets.csv
      hash: md5
      md5: 8ac1edb9cfabc05c263bfa27e6bf4014
      size: 182
    - path: data/raw/currencies/minute_bars/AUDUSD_full_1min.txt
      hash: md5
      md5: 70c6eed97eae9824f198b24d8bd1d5ca
      size: 323357893
    - path: data/raw/currencies/minute_bars/CHFUSD_full_1min.txt
      hash: md5
      md5: da0941120da7aa4154a76430f67ca724
      size: 574697958
    - path: data/raw/currencies/minute_bars/DKKUSD_full_1min.txt
      hash: md5
      md5: c48848ad1a265974aaacbc0c76380b3a
      size: 402068007
    - path: data/raw/currencies/minute_bars/EURUSD_full_1min.txt
      hash: md5
      md5: 90b074c898ab28c9b0d4f2947b68339d
      size: 324415481
    - path: data/raw/currencies/minute_bars/GBPUSD_full_1min.txt
      hash: md5
      md5: c21f1cc0b6d35a814cdc762cfcdc8908
      size: 324008632
    - path: data/raw/currencies/minute_bars/HKDUSD_full_1min.txt
      hash: md5
      md5: f50fc7a499999bed057cb56ec938736c
      size: 396348181
    - path: data/raw/currencies/minute_bars/JPYUSD_full_1min.txt
      hash: md5
      md5: 4686cbf0f9bff5ccdb6c3672e357cf62
      size: 628797535
    - path: data/raw/currencies/minute_bars/NOKUSD_full_1min.txt
      hash: md5
      md5: 989c3a494c7f8520969c2246bc396c2a
      size: 403541240
    - path: data/raw/currencies/minute_bars/SEKUSD_full_1min.txt
      hash: md5
      md5: f940e32e61689471d9a9ae71e0543780
      size: 405433394
    - path: data/raw/ordinary/ord_PX_LAST_adjust_split.csv
      hash: md5
      md5: 9bfb906e8d6d31bb1631223b3cc55bbb
      size: 989290
    params:
      params.yaml:
        pred.lookback_days: 280
    outs:
    - path: data/processed/models/ordinary_betas_index_only.csv
      hash: md5
      md5: 4c568a6db750fbf9552cebaeebbe794f
      size: 2395661
  only_futures_full_signal:
    cmd: PYTHONPATH=. python -m 
      adr_strategy_kernel.pipelines.only_futures_full_signal 
      data/processed/futures/converted_minute_bars 
      data/processed/futures_only_signal
    deps:
    - path: adr_strategy_kernel
      hash: md5
      md5: 7a3637fbf7e71feb835be6004c810a6d.dir
      size: 190708
      nfiles: 28
    - path: data/processed/adrs/adr_mid_at_ord_auction_adjust_none.csv
      hash: md5
      md5: 4ea7976e84f76630622eb8d18178dd15
      size: 929138
    - path: data/processed/adrs/adr_open_mean_premium.csv
      hash: md5
      md5: 457366be11c180e21fb1729c72e51d71
      size: 2424643
    - path: data/processed/futures/converted_minute_bars
      hash: md5
      md5: 3ff414b3acc68f0a04cb7e3fc4f58640.dir
      size: 723404058
      nfiles: 8
    - path: data/processed/models/ordinary_betas_index_only.csv
      hash: md5
      md5: 4c568a6db750fbf9552cebaeebbe794f
      size: 2395661
    - path: data/processed/ordinary/ord_close_to_usd_adr_PX_LAST_adjust_none.csv
      hash: md5
      md5: 35724371bab276e26288d9ef946a09e3
      size: 2067736
    - path: data/raw/adr_info.csv
      hash: md5
      md5: b96a1cc90a7c358ac39329f8c6b68fc9
      size: 13988
    - path: data/raw/adrs/bbo-1m/nbbo
      hash: md5
      md5: 09853134d5d7fec3deaeefd9672d4385.dir
      size: 3791672073
      nfiles: 76
    - path: data/raw/futures_symbols.csv
      hash: md5
      md5: bc77bc248a7f78ef84aa5166122e9bbc
      size: 271
    params:
      params.yaml:
        end_date: '2026-03-06'
        fixed_trade_time_hours: 14
        fixed_trade_time_min: 0
        start_date: '2018-05-01'
    outs:
    - path: data/processed/futures_only_signal/
      hash: md5
      md5: 7978f6a91d2a0522f9572bc2246195e8.dir
      size: 580098907
      nfiles: 76
  fixed_time_signal:
    cmd: PYTHONPATH=. python -m adr_strategy_kernel.pipelines.fixed_time_signal 
      data/processed/futures_only_signal data/processed/fixed_time_signal.csv 
      --tickers-csv data/raw/adr_info.csv --tickers-columns adr 
      --time-to-save-hours=14 --time-to-save-minutes=0 --start-date=2018-05-01 
      --end-date=2026-03-06
    deps:
    - path: adr_strategy_kernel
      hash: md5
      md5: 7a3637fbf7e71feb835be6004c810a6d.dir
      size: 190708
      nfiles: 28
    - path: data/processed/futures_only_signal/
      hash: md5
      md5: 7978f6a91d2a0522f9572bc2246195e8.dir
      size: 580098907
      nfiles: 76
    - path: data/raw/adr_info.csv
      hash: md5
      md5: b96a1cc90a7c358ac39329f8c6b68fc9
      size: 13988
    params:
      params.yaml:
        end_date: '2026-03-06'
        fixed_trade_time_hours: 14
        fixed_trade_time_min: 0
        start_date: '2018-05-01'
    outs:
    - path: data/processed/fixed_time_signal.csv
      hash: md5
      md5: 201e3d71561ca6b8363d0ce157387066
      size: 2500208
  adr_daily_mid:
    cmd: PYTHONPATH=. python -m adr_strategy_kernel.pipelines.fixed_time_mid 
      --nbbo-dir=data/raw/adrs/bbo-1m/nbbo --tickers-csv data/raw/adr_info.csv 
      --tickers-columns adr --time-to-save-hours=14 --time-to-save-minutes=0 
      --start-date=2018-05-01 --end-date=2026-03-06 
      --output=data/processed/adrs/adr_daily_fixed_time_mid.csv
    deps:
    - path: adr_strategy_kernel
      hash: md5
      md5: 7a3637fbf7e71feb835be6004c810a6d.dir
      size: 190708
      nfiles: 28
    - path: data/raw/adr_info.csv
      hash: md5
      md5: b96a1cc90a7c358ac39329f8c6b68fc9
      size: 13988
    - path: data/raw/adrs/bbo-1m/nbbo
      hash: md5
      md5: 09853134d5d7fec3deaeefd9672d4385.dir
      size: 3791672073
      nfiles: 76
    params:
      params.yaml:
        end_date: '2026-03-06'
        fixed_trade_time_hours: 14
        fixed_trade_time_min: 0
        start_date: '2018-05-01'
    outs:
    - path: data/processed/adrs/adr_daily_fixed_time_mid.csv
      hash: md5
      md5: f7717317515b10a9e5cf9f4bc3de3724
      size: 1379120
  create_nbbo_market_etf_bbo-1m:
    cmd: python -m data_tools.cli.nbbo_consolidate_bbo_1m_with_append 
      --tickers=data/raw/adr_info.csv --tickers_columns=market_etf_hedge 
      --raw_data_dir=data/raw/etfs/market/bbo-1m/by_exchange 
      --output_dir=data/raw/etfs/market/bbo-1m/nbbo --parallel --ncores=20 
      --partition_period=none
    deps:
    - path: data/raw/etfs/market/bbo-1m/by_exchange
      hash: md5
      md5: 07fde4a9a0f24809e23fd7e1d5f9e433.dir
      size: 396624615
      nfiles: 14
    outs:
    - path: data/raw/etfs/market/bbo-1m/nbbo
      hash: md5
      md5: fa5314c5e2ba703bd13cef0723a51116.dir
      size: 244429016
      nfiles: 5
  market_etf_daily_fixed_time_mid:
    cmd: PYTHONPATH=. python -m adr_strategy_kernel.pipelines.fixed_time_mid 
      --nbbo-dir=data/raw/etfs/market/bbo-1m/nbbo --tickers-csv 
      data/raw/adr_info.csv --tickers-columns market_etf_hedge 
      --time-to-save-hours=14 --time-to-save-minutes=0 --start-date=2018-05-01 
      --end-date=2026-03-06 
      --output=data/processed/etfs/market/market_etf_daily_fixed_time_mid.csv
    deps:
    - path: adr_strategy_kernel
      hash: md5
      md5: 7a3637fbf7e71feb835be6004c810a6d.dir
      size: 190708
      nfiles: 28
    - path: data/raw/adr_info.csv
      hash: md5
      md5: b96a1cc90a7c358ac39329f8c6b68fc9
      size: 13988
    - path: data/raw/etfs/market/bbo-1m/nbbo
      hash: md5
      md5: fa5314c5e2ba703bd13cef0723a51116.dir
      size: 244429016
      nfiles: 5
    params:
      params.yaml:
        end_date: '2026-03-06'
        fixed_trade_time_hours: 14
        fixed_trade_time_min: 0
        start_date: '2018-05-01'
    outs:
    - path: data/processed/etfs/market/market_etf_daily_fixed_time_mid.csv
      hash: md5
      md5: d63f4c8508aa9f1e164d2364914558d8
      size: 124127
  adj_adr_close:
    cmd: python -m data_tools.cli.download_bbg_daily data/raw/adr_info.csv 
      data/raw/adrs/adr_PX_LAST_adjust_all.csv --tickers_columns=adr 
      --adjust=all --pad_lookback=280 --field=PX_LAST --start_date=2018-05-01 
      --end_date=2026-03-06
    deps:
    - path: data/raw/adr_info.csv
      hash: md5
      md5: b96a1cc90a7c358ac39329f8c6b68fc9
      size: 13988
    params:
      params.yaml:
        end_date: '2026-03-06'
        start_date: '2018-05-01'
    outs:
    - path: data/raw/adrs/adr_PX_LAST_adjust_all.csv
      hash: md5
      md5: cc97d6a726a5d01fbcb40080516a9806
      size: 1200254
  market_etf_hedge_ratios:
    cmd: PYTHONPATH=. python -m 
      adr_strategy_kernel.pipelines.market_etf_hedge_ratios
    deps:
    - path: adr_strategy_kernel
      hash: md5
      md5: 7a3637fbf7e71feb835be6004c810a6d.dir
      size: 190708
      nfiles: 28
    - path: data/raw/adr_info.csv
      hash: md5
      md5: b96a1cc90a7c358ac39329f8c6b68fc9
      size: 13988
    - path: data/raw/adrs/adr_PX_LAST_adjust_all.csv
      hash: md5
      md5: cc97d6a726a5d01fbcb40080516a9806
      size: 1200254
    - path: data/raw/etfs/market/market_etf_PX_LAST_adjust_all.csv
      hash: md5
      md5: fe65383789deccb7a829722f909d26d1
      size: 108758
    outs:
    - path: data/processed/market_etf_hedge_ratios.csv
      hash: md5
      md5: c5b65a31aeeef62b3d42c2377190060a
      size: 2613330
  hedged_backtest_fixed_time:
    cmd: backtester_run backtest_conifgs/hedged_single_time.yaml
    deps:
    - path: backtest_conifgs/hedged_single_time.yaml
      hash: md5
      md5: 945a48cee4d45c4afe699e5b79082807
      size: 3198
    - path: data/processed/adrs/adr_daily_fixed_time_mid.csv
      hash: md5
      md5: f7717317515b10a9e5cf9f4bc3de3724
      size: 1379120
    - path: data/processed/etfs/market/market_etf_daily_fixed_time_mid.csv
      hash: md5
      md5: d63f4c8508aa9f1e164d2364914558d8
      size: 124127
    - path: data/processed/fixed_time_signal.csv
      hash: md5
      md5: 201e3d71561ca6b8363d0ce157387066
      size: 2500208
    - path: data/processed/market_etf_hedge_ratios.csv
      hash: md5
      md5: c5b65a31aeeef62b3d42c2377190060a
      size: 2613330
    - path: data/raw/adrs/adr_PX_LAST_adjust_none.csv
      hash: md5
      md5: 225095a046bbf49a78dbb59991fd87fd
      size: 878378
    - path: data/raw/adrs/adr_turnover.csv
      hash: md5
      md5: 1c50dead223a2767407aad9f3a12278f
      size: 1646036
    - path: data/raw/all_splits.csv
      hash: md5
      md5: 644f4daf1640c022e8112389a8532346
      size: 16515
    - path: data/raw/etfs/market/market_etf_PX_LAST_adjust_none.csv
      hash: md5
      md5: 45fbc53efad88df9709a474769dcecfd
      size: 79932
    - path: src/backtest_strategies/hedged_single_time_ADR.py
      hash: md5
      md5: 13151539fe42554835227f81bdfea797
      size: 12969
  download_usd_hkd_fx_bars:
    cmd: python -m data_tools.cli.download_histdata_fx_minute_bars_with_bbg_fill
      --pairs USDHKD --start-year 2015 --output-dir 
      data/raw/currencies/minute_bars
    deps:
    - path: src/download_histdata_fx_minute_bars.py
      hash: md5
      md5: 5ded3fd5583f7c84f7e801aea5472d89
      size: 8452
    outs:
    - path: data/raw/currencies/minute_bars/USDHKD_full_1min.txt
      hash: md5
      md5: 527fb4b06e87d1bb8cdf6c38936702e5
      size: 165775789
