schema: '2.0'
stages:
  download_ord_close:
    cmd: python src/download_bbg_daily.py data/raw/adr_info.csv 
      data/raw/ordinary/ord_PX_LAST_adjust_none.csv --tickers_columns=id 
      --include_suffix
    deps:
    - path: data/raw/adr_info.csv
      hash: md5
      md5: b45a6f5e94c5a9cf1494f8bcbd1e5f0f
      size: 4598
    - path: src/download_bbg_daily.py
      hash: md5
      md5: bcd1379d01d59671d7bca85d1a9591a5
      size: 2324
    params:
      params.yaml:
        end_date: '2025-06-30'
        start_date: '2025-06-01'
    outs:
    - path: data/raw/ordinary/ord_PX_LAST_adjust_none.csv
      hash: md5
      md5: 5bfb118bf52e83f6d15838bcde3c512a
      size: 3462
  adj_download_ord_close:
    cmd: python src/download_bbg_daily.py data/raw/adr_info.csv 
      data/raw/ordinary/ord_PX_LAST_adjust_all.csv --tickers_columns=id 
      --include_suffix --adjust=all
    deps:
    - path: data/raw/adr_info.csv
      hash: md5
      md5: b45a6f5e94c5a9cf1494f8bcbd1e5f0f
      size: 4598
    - path: src/download_bbg_daily.py
      hash: md5
      md5: bcd1379d01d59671d7bca85d1a9591a5
      size: 2324
    params:
      params.yaml:
        end_date: '2025-06-30'
        start_date: '2025-06-01'
    outs:
    - path: data/raw/ordinary/ord_PX_LAST_adjust_all.csv
      hash: md5
      md5: c5dcf6b9fd00dc38df172c6f120c73af
      size: 4241
  convert_ord_currency_close:
    cmd: python src/closing_domestic_prices.py
    deps:
    - path: data/raw/adr_info.csv
      hash: md5
      md5: b45a6f5e94c5a9cf1494f8bcbd1e5f0f
      size: 4598
    - path: data/raw/currencies/minute_bars/EURUSD_full_1min.txt
      hash: md5
      md5: 6918d86066903ae4ff0e674dd4b5e8e0
      size: 317715367
    - path: data/raw/currencies/minute_bars/GBPUSD_full_1min.txt
      hash: md5
      md5: 66d674de5ea9170b1e6afe7684e31fa1
      size: 317494680
    - path: data/raw/currencies/minute_bars/JPYUSD_full_1min.txt
      hash: md5
      md5: a5b913e35d98597a689d808358635bb2
      size: 334971421
    - path: data/raw/ordinary/ord_PX_LAST_adjust_all.csv
      hash: md5
      md5: c5dcf6b9fd00dc38df172c6f120c73af
      size: 4241
    - path: data/raw/ordinary/ord_PX_LAST_adjust_none.csv
      hash: md5
      md5: 5bfb118bf52e83f6d15838bcde3c512a
      size: 3462
    - path: src/closing_domestic_prices.py
      hash: md5
      md5: b56e88bead2e0ac208f4f8272d470053
      size: 3409
    outs:
    - path: data/processed/ordinary/ord_close_to_usd_adr_PX_LAST_adjust_all.csv
      hash: md5
      md5: 87840b2d390455baf5503c2e8870f918
      size: 7386
    - path: data/processed/ordinary/ord_close_to_usd_adr_PX_LAST_adjust_none.csv
      hash: md5
      md5: 0297718eee4993d602405046f549a675
      size: 6285
  download_adr_close:
    cmd: python src/download_bbg_daily.py data/raw/adr_info.csv 
      data/raw/adrs/adr_PX_LAST_adjust_none.csv --tickers_columns=adr
    deps:
    - path: data/raw/adr_info.csv
      hash: md5
      md5: 994b7a62c12e77d91857211c913e7633
      size: 7129
    - path: src/download_bbg_daily.py
      hash: md5
      md5: 2fc3bd45bc1c3820d1826a96e56057a7
      size: 2765
    params:
      params.yaml:
        end_date: '2025-11-07'
        start_date: '2020-01-02'
    outs:
    - path: data/raw/adrs/adr_PX_LAST_adjust_none.csv
      hash: md5
      md5: a41599a2c1970259d8131e2665c1fa42
      size: 347020
  adr_adjustments:
    cmd: python src/get_adjustments.py data/raw/adrs/adr_PX_LAST_adjust_none.csv
      data/processed/adrs/adr_adjustment_factors.csv --symbol_suffix=" US 
      Equity"
    deps:
    - path: data/raw/adrs/adr_PX_LAST_adjust_none.csv
      hash: md5
      md5: a41599a2c1970259d8131e2665c1fa42
      size: 347020
    - path: src/get_adjustments.py
      hash: md5
      md5: 68ed05c2f22665e85f1319021dd057fe
      size: 4260
    outs:
    - path: data/processed/adrs/adr_adjustment_factors.csv
      hash: md5
      md5: f2862d5c30f69f508d8ffc6ba58bd4c9
      size: 73893
  download_etf_close:
    cmd: python src/download_bbg_daily.py data/raw/adr_info.csv 
      data/raw/etfs/etf_PX_LAST_adjust_none.csv 
      --tickers_columns=market_etf_hedge --symbol_suffix=" US Equity"
    deps:
    - path: data/raw/adr_info.csv
      hash: md5
      md5: b45a6f5e94c5a9cf1494f8bcbd1e5f0f
      size: 4598
    - path: src/download_bbg_daily.py
      hash: md5
      md5: 9aae6958fad6eec297aa9f6943da5a94
      size: 2348
    params:
      params.yaml:
        download.end_date: '2025-06-30'
        download.start_date: '2025-06-01'
    outs:
    - path: data/raw/etfs/etf_PX_LAST_adjust_none.csv
      hash: md5
      md5: 5ea8396952149f3bc08eb31b5c77e0d4
      size: 343
  etf_adjustments:
    cmd: python src/get_adjustments.py data/raw/etfs/etf_PX_LAST_adjust_none.csv
      data/processed/etfs/etf_adjustment_factors.csv --symbol_suffix=" US 
      Equity"
    deps:
    - path: data/raw/etfs/etf_PX_LAST_adjust_none.csv
      hash: md5
      md5: 5ea8396952149f3bc08eb31b5c77e0d4
      size: 343
    - path: src/get_adjustments.py
      hash: md5
      md5: 68ed05c2f22665e85f1319021dd057fe
      size: 4260
    outs:
    - path: data/processed/etfs/etf_adjustment_factors.csv
      hash: md5
      md5: 7cf8afa31500d0dbb0fdb1ac0130259e
      size: 272
  adr_mid_at_ordinary_auction:
    cmd: python src/adr_mid_at_ordinary_auction.py
    deps:
    - path: data/processed/adrs/adr_adjustment_factors.csv
      hash: md5
      md5: f2862d5c30f69f508d8ffc6ba58bd4c9
      size: 73893
    - path: data/raw/adr_info.csv
      hash: md5
      md5: 994b7a62c12e77d91857211c913e7633
      size: 7129
    - path: data/raw/adrs/adr_PX_LAST_adjust_none.csv
      hash: md5
      md5: a41599a2c1970259d8131e2665c1fa42
      size: 347020
    - path: data/raw/adrs/bbo-1m/nbbo
      hash: md5
      md5: 09a2cc68758f56d1762b2596884cd47a.dir
      size: 1667949302
      nfiles: 39
    - path: src/adr_mid_at_ordinary_auction.py
      hash: md5
      md5: ae74bfc19f4d84d9eb07946ace0ddc3e
      size: 11172
    params:
      params.yaml:
        end_date: '2025-11-07'
        start_date: '2020-01-02'
    outs:
    - path: data/processed/adrs/adr_mid_at_ord_auction_adjust_all.csv
      hash: md5
      md5: 96e63219a867b562302251b26f1fbb12
      size: 963088
    - path: data/processed/adrs/adr_mid_at_ord_auction_adjust_none.csv
      hash: md5
      md5: c3f5632341324799e0519a74d8f9b585
      size: 546520
  usd_index_futures:
    cmd: python src/usd_index_futures.py
    deps:
    - path: data/raw/currencies/minute_bars/EURUSD_full_1min.txt
      hash: md5
      md5: 6918d86066903ae4ff0e674dd4b5e8e0
      size: 317715367
    - path: data/raw/currencies/minute_bars/GBPUSD_full_1min.txt
      hash: md5
      md5: 66d674de5ea9170b1e6afe7684e31fa1
      size: 317494680
    - path: data/raw/currencies/minute_bars/JPYUSD_full_1min.txt
      hash: md5
      md5: 4e3b91eefce4a82b94d7eacc7474135d
      size: 615791638
    - path: 
        data/raw/futures/minute_bars/FCE_full_1min_continuous_ratio_adjusted.txt
      hash: md5
      md5: 89bac7d150d8d2b52fd1a96aa5ee926e
      size: 191450345
    - path: 
        data/raw/futures/minute_bars/FDAX_full_1min_continuous_ratio_adjusted.txt
      hash: md5
      md5: 416dd70a8abba3466fafa68e8d0ce300
      size: 248134839
    - path: 
        data/raw/futures/minute_bars/FESX_full_1min_continuous_ratio_adjusted.txt
      hash: md5
      md5: 34146aee531d386d19a073610464d331
      size: 224857505
    - path: 
        data/raw/futures/minute_bars/FTI_full_1min_continuous_ratio_adjusted.txt
      hash: md5
      md5: 55208d368dd415c91f3246d98a98abe8
      size: 143831616
    - path: 
        data/raw/futures/minute_bars/FTUK_full_1min_continuous_ratio_adjusted.txt
      hash: md5
      md5: b7e4568382aac88ce46c87ec30cfd7b2
      size: 214074119
    - path: 
        data/raw/futures/minute_bars/FXXP_full_1min_continuous_ratio_adjusted.txt
      hash: md5
      md5: 1330678df623ec1f2b75ff03a2afdbe8
      size: 91625158
    - path: 
        data/raw/futures/minute_bars/NIY_full_1min_continuous_ratio_adjusted.txt
      hash: md5
      md5: df5bdf6a58b38626cb7d87deeb4e5750
      size: 243631835
    - path: src/usd_index_futures.py
      hash: md5
      md5: d9fca0f2badefac808bbffcba9dcc853
      size: 4650
    outs:
    - path: 
        data/processed/futures/converted_minute_bars/symbol=FCE/FCE_close_to_usd_1min.parquet
      hash: md5
      md5: 55bafaab5c0de4e80a290bfaeb11c825
      size: 103266473
    - path: 
        data/processed/futures/converted_minute_bars/symbol=FDAX/FDAX_close_to_usd_1min.parquet
      hash: md5
      md5: bfeba9b0bfe155109af67b6f5331a40b
      size: 121115972
    - path: 
        data/processed/futures/converted_minute_bars/symbol=FESX/FESX_close_to_usd_1min.parquet
      hash: md5
      md5: 7baaf400c0f424fb8233cddd3cf6cf1e
      size: 105917843
    - path: 
        data/processed/futures/converted_minute_bars/symbol=FTI/FTI_close_to_usd_1min.parquet
      hash: md5
      md5: f3d39ce2c23f356900f833e5b485a79a
      size: 73897462
    - path: 
        data/processed/futures/converted_minute_bars/symbol=FTUK/FTUK_close_to_usd_1min.parquet
      hash: md5
      md5: 6e111aa9ed887eb3a5ec3602c75204e3
      size: 108673926
    - path: 
        data/processed/futures/converted_minute_bars/symbol=FXXP/FXXP_close_to_usd_1min.parquet
      hash: md5
      md5: e3fd9c4fdba7cf5558b5e69ff4247e09
      size: 49168322
    - path: 
        data/processed/futures/converted_minute_bars/symbol=NIY/NIY_close_to_usd_1min.parquet
      hash: md5
      md5: 5ea583dd377f9eff59aa2a3a8e2c973d
      size: 133849546
  download_adr_bbo-1m:
    cmd: python -m data_tools.cli.batch_download_to_parquet_with_append 
      --schema=bbo-1m --datasets XNYS.PILLAR XNAS.ITCH ARCX.PILLAR 
      --tickers=data/raw/adr_info.csv --tickers_columns=adr 
      --output_dir=data/raw/adrs/bbo-1m/by_exchange --start_date=2020-01-02 
      --end_date=2025-11-07 --partition_period=none
    deps:
    - path: data/raw/adr_info.csv
      hash: md5
      md5: 994b7a62c12e77d91857211c913e7633
      size: 7129
    params:
      params.yaml:
        end_date: '2025-11-07'
        start_date: '2020-01-02'
    outs:
    - path: data/raw/adrs/bbo-1m/by_exchange
      hash: md5
      md5: 741b2a2fcf93630185b0964c854f0a7f.dir
      size: 3523204228
      nfiles: 171
  create_nbbo_adr_bbo-1m:
    cmd: python -m data_tools.cli.nbbo_consolidate_bbo_1m 
      --tickers=data/raw/adr_info.csv --tickers_columns=adr 
      --raw_data_dir=data/raw/adrs/bbo-1m/by_exchange 
      --output_dir=data/raw/adrs/bbo-1m/nbbo --parallel --ncores=6 
      --partition_period=none
    deps:
    - path: data/raw/adr_info.csv
      hash: md5
      md5: 994b7a62c12e77d91857211c913e7633
      size: 7129
    - path: data/raw/adrs/bbo-1m/by_exchange
      hash: md5
      md5: 741b2a2fcf93630185b0964c854f0a7f.dir
      size: 3523204228
      nfiles: 171
    outs:
    - path: data/raw/adrs/bbo-1m/nbbo
      hash: md5
      md5: 09a2cc68758f56d1762b2596884cd47a.dir
      size: 1667949302
      nfiles: 39
  download_index_close:
    cmd: python src/download_bbg_daily.py data/raw/futures_symbols.csv 
      data/raw/indices/indices_PX_LAST.csv --tickers_columns=index 
      --symbol_suffix=" Index" --pad_lookback=280
    deps:
    - path: data/raw/adr_info.csv
      hash: md5
      md5: 994b7a62c12e77d91857211c913e7633
      size: 7129
    - path: src/download_bbg_daily.py
      hash: md5
      md5: 2fc3bd45bc1c3820d1826a96e56057a7
      size: 2765
    params:
      params.yaml:
        end_date: '2025-11-07'
        pred.lookback_days: 280
        start_date: '2020-01-02'
    outs:
    - path: data/raw/indices/indices_PX_LAST.csv
      hash: md5
      md5: c0acd10ec3eb78ff3848c0601b9bb0c0
      size: 112211
  split_adj_download_ord_close:
    cmd: python src/download_bbg_daily.py data/raw/adr_info.csv 
      data/raw/ordinary/ord_PX_LAST_adjust_split.csv --tickers_columns=id 
      --include_suffix --adjust=split --pad_lookback=280
    deps:
    - path: data/raw/adr_info.csv
      hash: md5
      md5: 994b7a62c12e77d91857211c913e7633
      size: 7129
    - path: src/download_bbg_daily.py
      hash: md5
      md5: 2fc3bd45bc1c3820d1826a96e56057a7
      size: 2765
    params:
      params.yaml:
        end_date: '2025-11-07'
        start_date: '2020-01-02'
    outs:
    - path: data/raw/ordinary/ord_PX_LAST_adjust_split.csv
      hash: md5
      md5: d812abd94834c8944634a8d1008e556f
      size: 450333
  download_market_etf_close:
    cmd: python src/download_bbg_daily.py data/raw/adr_info.csv 
      data/raw/etfs/market/market_etf_PX_LAST_adjust_none.csv 
      --tickers_columns=market_etf_hedge --symbol_suffix=" US Equity"
    deps:
    - path: data/raw/adr_info.csv
      hash: md5
      md5: 994b7a62c12e77d91857211c913e7633
      size: 7129
    - path: src/download_bbg_daily.py
      hash: md5
      md5: 2fc3bd45bc1c3820d1826a96e56057a7
      size: 2765
    params:
      params.yaml:
        end_date: '2025-11-07'
        start_date: '2020-01-02'
    outs:
    - path: data/raw/etfs/market/market_etf_PX_LAST_adjust_none.csv
      hash: md5
      md5: 8c405cc4ebe9dcadd0fea00bc3ea4fc2
      size: 33581
  download_sector_etf_close:
    cmd: python src/download_bbg_daily.py data/raw/sector_etfs.csv 
      data/raw/etfs/sector_etf_PX_LAST_adjust_none.csv --tickers_columns=hedge 
      --symbol_suffix=" US Equity"
    deps:
    - path: data/raw/sector_etfs.csv
      hash: md5
      md5: 02c63679f3fe993ff61186cb5efa03e6
      size: 176
    - path: src/download_bbg_daily.py
      hash: md5
      md5: 2fc3bd45bc1c3820d1826a96e56057a7
      size: 2765
    params:
      params.yaml:
        end_date: '2025-11-07'
        start_date: '2020-01-02'
    outs:
    - path: data/raw/etfs/sector_etf_PX_LAST_adjust_none.csv
      hash: md5
      md5: 41483aee10b1d681eb89acee0292574e
      size: 96909
  download_market_etf_bbo-1m:
    cmd: python -m data_tools.cli.batch_download_to_parquet_with_append 
      --schema=bbo-1m --datasets XNYS.PILLAR XNAS.ITCH ARCX.PILLAR 
      --tickers=data/raw/adr_info.csv --tickers_columns=market_etf_hedge 
      --output_dir=data/raw/etfs/market/bbo-1m/by_exchange 
      --start_date=2020-01-02 --end_date=2025-11-07 --partition_period=none
    deps:
    - path: data/raw/adr_info.csv
      hash: md5
      md5: 994b7a62c12e77d91857211c913e7633
      size: 7129
    params:
      params.yaml:
        end_date: '2025-11-07'
        start_date: '2020-01-02'
    outs:
    - path: data/raw/etfs/market/bbo-1m/by_exchange
      hash: md5
      md5: c45c3e382abe80cef3e8ff0f7dbc8f34.dir
      size: 129485725
      nfiles: 6
  download_sector_etf_bbo-1m:
    cmd: python -m data_tools.cli.batch_download_to_parquet_with_append 
      --schema=bbo-1m --datasets XNYS.PILLAR XNAS.ITCH ARCX.PILLAR 
      --tickers=data/raw/sector_etfs.csv --tickers_columns=hedge 
      --output_dir=data/raw/etfs/sector/bbo-1m/by_exchange 
      --start_date=2020-01-02 --end_date=2025-11-07 --partition_period=none
    deps:
    - path: data/raw/sector_etfs.csv
      hash: md5
      md5: 02c63679f3fe993ff61186cb5efa03e6
      size: 176
    params:
      params.yaml:
        end_date: '2025-11-07'
        start_date: '2020-01-02'
    outs:
    - path: data/raw/etfs/sector/bbo-1m/by_exchange
      hash: md5
      md5: 40978ac12160fa6fbfb6b4a6710ec554.dir
      size: 895985866
      nfiles: 39
  create_nbbo_market_etf_bbo-1m:
    cmd: python -m data_tools.cli.nbbo_consolidate_bbo_1m 
      --tickers=data/raw/adr_info.csv --tickers_columns=market_etf_hedge 
      --raw_data_dir=data/raw/etfs/market/bbo-1m/by_exchange 
      --output_dir=data/raw/etfs/market/bbo-1m/nbbo --parallel --ncores=6 
      --partition_period=none
    deps:
    - path: data/raw/etfs/market/bbo-1m/by_exchange
      hash: md5
      md5: c45c3e382abe80cef3e8ff0f7dbc8f34.dir
      size: 129485725
      nfiles: 6
    outs:
    - path: data/raw/etfs/market/bbo-1m/nbbo
      hash: md5
      md5: 4003c95dccc7ad6cd61b7caa4505dab7.dir
      size: 95218246
      nfiles: 2
  download_adr_turnover:
    cmd: python src/download_bbg_daily.py data/raw/adr_info.csv 
      data/raw/adrs/adr_turnover.csv --tickers_columns=adr --field=TURNOVER
    deps:
    - path: data/raw/adr_info.csv
      hash: md5
      md5: 994b7a62c12e77d91857211c913e7633
      size: 7129
    - path: src/download_bbg_daily.py
      hash: md5
      md5: 2fc3bd45bc1c3820d1826a96e56057a7
      size: 2765
    params:
      params.yaml:
        end_date: '2025-11-07'
        start_date: '2020-01-02'
    outs:
    - path: data/raw/adrs/adr_turnover.csv
      hash: md5
      md5: d1911eb3f60f5146797e81a3ddaaf91e
      size: 645708
  usdjpy_to_jpyusd:
    cmd: python src/usdjpy_to_jpyusd_bars.py
    deps:
    - path: data/raw/currencies/minute_bars/USDJPY_full_1min.txt
      hash: md5
      md5: 623ad04e16f6ab09b8840e18597c3282
      size: 313510245
    - path: src/usdjpy_to_jpyusd_bars.py
      hash: md5
      md5: a7a414fd0cf3abfb0ceff6b669260d4c
      size: 700
    outs:
    - path: data/raw/currencies/minute_bars/JPYUSD_full_1min.txt
      hash: md5
      md5: 4e3b91eefce4a82b94d7eacc7474135d
      size: 615791638
  adr_daily_fixed_time_mid:
    cmd: python -m src.daily_fixed_time_mid --nbbo_dir=data/raw/adrs/bbo-1m/nbbo
      --time_to_save_hrs=14 --time_to_save_min=0 --tickers=data/raw/adr_info.csv
      --tickers_columns=adr 
      --output_filename=data/processed/adrs/adr_daily_fixed_time_mid.csv
    deps:
    - path: data/raw/adr_info.csv
      hash: md5
      md5: 60ae37166a718e554685a637b1dbbf4e
      size: 7129
    - path: data/raw/adrs/bbo-1m/nbbo
      hash: md5
      md5: 09a2cc68758f56d1762b2596884cd47a.dir
      size: 1667949302
      nfiles: 39
    - path: src/daily_fixed_time_mid.py
      hash: md5
      md5: a1574959d30d9e3f0ff7c4d33faa73b6
      size: 3377
    params:
      params.yaml:
        fixed_trade_time_hours: 14
        fixed_trade_time_min: 0
    outs:
    - path: data/processed/adrs/adr_daily_fixed_time_mid.csv
      hash: md5
      md5: 8dc56fcfa90b913b7b01f91494f71be5
      size: 555998
  market_etf_daily_fixed_time_mid:
    cmd: python -m src.daily_fixed_time_mid 
      --nbbo_dir=data/raw/etfs/market/bbo-1m/nbbo --time_to_save_hrs=13 
      --time_to_save_min=0 --tickers=data/raw/adr_info.csv 
      --tickers_columns=market_etf_hedge 
      --output_filename=data/processed/etfs/market/market_etf_daily_fixed_time_mid.csv
    deps:
    - path: data/raw/adr_info.csv
      hash: md5
      md5: 994b7a62c12e77d91857211c913e7633
      size: 7129
    - path: data/raw/etfs/market/bbo-1m/nbbo
      hash: md5
      md5: 4003c95dccc7ad6cd61b7caa4505dab7.dir
      size: 95218246
      nfiles: 2
    - path: src/daily_fixed_time_mid.py
      hash: md5
      md5: 2f25439f23f9b3abff53eab4b5d99933
      size: 3657
    params:
      params.yaml:
        fixed_trade_time_hours: 13
        fixed_trade_time_min: 0
    outs:
    - path: data/processed/etfs/market/market_etf_daily_fixed_time_mid.csv
      hash: md5
      md5: a4bce7a9cae8e608573a19fa57de014f
      size: 46590
  index_only_model:
    cmd: python src/get_betas_no_sector.py
    deps:
    - path: data/raw/adr_info.csv
      hash: md5
      md5: 994b7a62c12e77d91857211c913e7633
      size: 7129
    - path: data/raw/futures_symbols.csv
      hash: md5
      md5: 931025870a8050169bb7e760c02b06c4
      size: 168
    - path: data/raw/indices/indices_PX_LAST.csv
      hash: md5
      md5: c0acd10ec3eb78ff3848c0601b9bb0c0
      size: 112211
    - path: data/raw/ordinary/ord_PX_LAST_adjust_split.csv
      hash: md5
      md5: d812abd94834c8944634a8d1008e556f
      size: 450333
    - path: src/get_betas_no_sector.py
      hash: md5
      md5: 4b27d950313d5e1ad6e94b8802924640
      size: 6419
    params:
      params.yaml:
        pred.lookback_days: 280
    outs:
    - path: data/processed/models/ordinary_betas_index_only.csv
      hash: md5
      md5: 072cdf054f0edda3fe64a6f0446d1964
      size: 1109875
  fixed_time_signal:
    cmd: python src/futures_fixed_time_signal.py
    deps:
    - path: data/processed/adrs/adr_daily_fixed_time_mid.csv
      hash: md5
      md5: cfb1c2febb6117910364e2d611b3ec75
      size: 555497
    - path: data/processed/adrs/adr_mid_at_ord_auction_adjust_none.csv
      hash: md5
      md5: c3f5632341324799e0519a74d8f9b585
      size: 546520
    - path: data/processed/futures/converted_minute_bars
      hash: md5
      md5: dd200b10a27c2ed094648e46dbf0a89e.dir
      size: 695889544
      nfiles: 7
    - path: data/processed/models/ordinary_betas_index_only.csv
      hash: md5
      md5: 072cdf054f0edda3fe64a6f0446d1964
      size: 1109875
    - path: data/raw/adr_info.csv
      hash: md5
      md5: 994b7a62c12e77d91857211c913e7633
      size: 7129
    - path: data/raw/futures_symbols.csv
      hash: md5
      md5: 931025870a8050169bb7e760c02b06c4
      size: 168
    - path: src/futures_fixed_time_signal.py
      hash: md5
      md5: dd13f9781e571a1e53f56a07121c11f6
      size: 5771
    params:
      params.yaml:
        end_date: '2025-11-07'
        fixed_trade_time_hours: 13
        fixed_trade_time_min: 0
        start_date: '2020-01-02'
    outs:
    - path: data/processed/fixed_time_signal.csv
      hash: md5
      md5: a5fded42bbac921ae017e5c4d7d92879
      size: 1199367
  stock_splits:
    cmd: python -m src.get_splits
    deps:
    - path: data/raw/adr_info.csv
      hash: md5
      md5: 994b7a62c12e77d91857211c913e7633
      size: 7129
    - path: data/raw/sector_etfs.csv
      hash: md5
      md5: 02c63679f3fe993ff61186cb5efa03e6
      size: 176
    - path: src/get_splits.py
      hash: md5
      md5: ed87ad44d0870fcfa24b5f67b5589aea
      size: 984
    outs:
    - path: data/raw/all_splits.csv
      hash: md5
      md5: 973c7f441733bcc0fe6031d4bd492563
      size: 11639
  backtest_fixed_time:
    cmd: backtester_run backtest_conifgs/single_time.yaml
    deps:
    - path: backtest_conifgs/single_time.yaml
      hash: md5
      md5: 49466e3872b15a388732ac72216bfa03
      size: 2066
    - path: data/processed/adrs/
      hash: md5
      md5: 311662b83e3102fe4c83419126b2c419.dir
      size: 2139254
      nfiles: 5
    - path: data/processed/adrs/adr_daily_fixed_time_mid.csv
      hash: md5
      md5: e6562a4cb193d3992ceb7210bbb998e9
      size: 555497
    - path: data/processed/fixed_time_signal.csv
      hash: md5
      md5: e1a9e1a1849b1fd1662d94875763b795
      size: 1199372
    - path: data/raw/adrs/adr_PX_LAST_adjust_none.csv
      hash: md5
      md5: fc29d83e496f6d65bb84154b70673728
      size: 347079
    - path: data/raw/adrs/adr_turnover.csv
      hash: md5
      md5: e268e9529e3b0b1b0f6e1e7d71c064df
      size: 649183
    - path: data/raw/all_splits.csv
      hash: md5
      md5: de2e3f54e301c807e06f8798728bd0f9
      size: 11565
    - path: src/backtest_strategies/single_time_ADR.py
      hash: md5
      md5: 39629de5654368a53e0c225e52805a90
      size: 8005
  all_gbp_eur_backtest_fixed_time:
    cmd: backtester_run backtest_conifgs/all_gbp_eur_single_time.yaml
    deps:
    - path: backtest_conifgs/all_gbp_eur_single_time.yaml
      hash: md5
      md5: 1b34a9a22fbcf3118601fcfdde5c99e1
      size: 2148
    - path: data/processed/adrs/adr_daily_fixed_time_mid.csv
      hash: md5
      md5: 8dc56fcfa90b913b7b01f91494f71be5
      size: 555998
    - path: data/processed/fixed_time_signal.csv
      hash: md5
      md5: 9661917e2dc6a1638f70f76c67794429
      size: 1195509
    - path: data/raw/adrs/adr_PX_LAST_adjust_none.csv
      hash: md5
      md5: fc29d83e496f6d65bb84154b70673728
      size: 347079
    - path: data/raw/adrs/adr_turnover.csv
      hash: md5
      md5: e268e9529e3b0b1b0f6e1e7d71c064df
      size: 649183
    - path: data/raw/all_splits.csv
      hash: md5
      md5: de2e3f54e301c807e06f8798728bd0f9
      size: 11565
    - path: src/backtest_strategies/single_time_ADR.py
      hash: md5
      md5: c2defcb736408e0e1d1765d407fa9783
      size: 8113
  only_futures_full_signal:
    cmd: python src/only_futures_full_signal.py
    deps:
    - path: data/processed/adrs/adr_mid_at_ord_auction_adjust_none.csv
      hash: md5
      md5: c3f5632341324799e0519a74d8f9b585
      size: 546520
    - path: data/processed/futures/converted_minute_bars
      hash: md5
      md5: dd200b10a27c2ed094648e46dbf0a89e.dir
      size: 695889544
      nfiles: 7
    - path: data/processed/models/ordinary_betas_index_only.csv
      hash: md5
      md5: 981295d6d4dce09999ee2880ee8af2af
      size: 1109871
    - path: data/raw/adr_info.csv
      hash: md5
      md5: 60ae37166a718e554685a637b1dbbf4e
      size: 7129
    - path: data/raw/adrs/bbo-1m/nbbo
      hash: md5
      md5: 09a2cc68758f56d1762b2596884cd47a.dir
      size: 1667949302
      nfiles: 39
    - path: data/raw/futures_symbols.csv
      hash: md5
      md5: 931025870a8050169bb7e760c02b06c4
      size: 168
    - path: src/only_futures_full_signal.py
      hash: md5
      md5: 3471715c54d6663a7bf2816f92241e2d
      size: 7899
    params:
      params.yaml:
        end_date: '2025-11-07'
        fixed_trade_time_hours: 14
        fixed_trade_time_min: 0
        start_date: '2020-01-02'
    outs:
    - path: data/processed/futures_only_signal/
      hash: md5
      md5: 0052c17edd00b2c0272f7ed16ee34556.dir
      size: 371821297
      nfiles: 53750
  download_adr_tcbbo:
    cmd: python -m data_tools.cli.batch_download_to_parquet_with_append 
      --schema=tcbbo --datasets XNAS.BASIC --tickers=data/raw/adr_info.csv 
      --tickers_columns=adr --output_dir=data/raw/adrs/tcbbo 
      --start_date=2024-07-01 --end_date=2025-11-07 --partition_period=date
    deps:
    - path: data/raw/adr_info.csv
      hash: md5
      md5: 60ae37166a718e554685a637b1dbbf4e
      size: 7129
    params:
      params.yaml:
        end_date: '2025-11-07'
        start_date: '2020-01-02'
    outs:
    - path: data/raw/adrs/tcbbo
      hash: md5
      md5: 6f3d25ca55d2e603d7a838c3a0a76e37.dir
      size: 4663555405
      nfiles: 16371
  download_adr_open:
    cmd: python src/download_bbg_daily.py data/raw/adr_info.csv 
      data/raw/adrs/adr_PX_OPEN_adjust_none.csv --tickers_columns=adr
    deps:
    - path: data/raw/adr_info.csv
      hash: md5
      md5: 60ae37166a718e554685a637b1dbbf4e
      size: 7129
    - path: src/download_bbg_daily.py
      hash: md5
      md5: 2fc3bd45bc1c3820d1826a96e56057a7
      size: 2765
    params:
      params.yaml:
        end_date: '2025-11-07'
        start_date: '2020-01-02'
    outs:
    - path: data/raw/adrs/adr_PX_OPEN_adjust_none.csv
      hash: md5
      md5: bc1c3151423edd1b1197fd2065e3a808
      size: 347020
  adj_adr_close:
    cmd: python src/download_bbg_daily.py data/raw/adr_info.csv 
      data/raw/adrs/adr_PX_LAST_adjust_all.csv --tickers_columns=adr 
      --adjust=all --pad_lookback=280
    deps:
    - path: data/raw/adr_info.csv
      hash: md5
      md5: 994b7a62c12e77d91857211c913e7633
      size: 7129
    - path: src/download_bbg_daily.py
      hash: md5
      md5: 2fc3bd45bc1c3820d1826a96e56057a7
      size: 2765
    params:
      params.yaml:
        end_date: '2025-11-07'
        start_date: '2020-01-02'
    outs:
    - path: data/raw/adrs/adr_PX_LAST_adjust_all.csv
      hash: md5
      md5: 9cb9ce0b35ef6790150bc319a6297484
      size: 507868
  adj_market_etf_close:
    cmd: python src/download_bbg_daily.py data/raw/adr_info.csv 
      data/raw/etfs/market/market_etf_PX_LAST_adjust_all.csv 
      --tickers_columns=market_etf_hedge --symbol_suffix=" US Equity" 
      --adjust=all --pad_lookback=280
    deps:
    - path: data/raw/adr_info.csv
      hash: md5
      md5: 994b7a62c12e77d91857211c913e7633
      size: 7129
    - path: src/download_bbg_daily.py
      hash: md5
      md5: 2fc3bd45bc1c3820d1826a96e56057a7
      size: 2765
    params:
      params.yaml:
        end_date: '2025-11-07'
        start_date: '2020-01-02'
    outs:
    - path: data/raw/etfs/market/market_etf_PX_LAST_adjust_all.csv
      hash: md5
      md5: a7544a0307c98b64b2c1061fd4a27946
      size: 44373
  market_etf_hedge_ratios:
    cmd: python src/market_etf_hedge_ratios.py
    deps:
    - path: data/raw/adr_info.csv
      hash: md5
      md5: 994b7a62c12e77d91857211c913e7633
      size: 7129
    - path: data/raw/adrs/adr_PX_LAST_adjust_all.csv
      hash: md5
      md5: 9cb9ce0b35ef6790150bc319a6297484
      size: 507868
    - path: data/raw/etfs/market/market_etf_PX_LAST_adjust_all.csv
      hash: md5
      md5: a7544a0307c98b64b2c1061fd4a27946
      size: 44373
    - path: src/market_etf_hedge_ratios.py
      hash: md5
      md5: c437c03755a0cfe5739d31e8612fc09c
      size: 2431
    outs:
    - path: data/processed/market_etf_hedge_ratios.csv
      hash: md5
      md5: 7f7b51dc82d32f0e80ec5604826ae2b3
      size: 1018884
  adr_daily_mid:
    cmd: python -m src.daily_fixed_time_mid --nbbo_dir=data/raw/adrs/bbo-1m/nbbo
      --time_to_save_hrs=13 --time_to_save_min=0 --tickers=data/raw/adr_info.csv
      --tickers_columns=adr 
      --output_filename=data/processed/adrs/adr_daily_fixed_time_mid.csv
    deps:
    - path: data/raw/adr_info.csv
      hash: md5
      md5: 994b7a62c12e77d91857211c913e7633
      size: 7129
    - path: data/raw/adrs/bbo-1m/nbbo
      hash: md5
      md5: 09a2cc68758f56d1762b2596884cd47a.dir
      size: 1667949302
      nfiles: 39
    - path: src/daily_fixed_time_mid.py
      hash: md5
      md5: 2f25439f23f9b3abff53eab4b5d99933
      size: 3657
    params:
      params.yaml:
        fixed_trade_time_hours: 13
        fixed_trade_time_min: 0
    outs:
    - path: data/processed/adrs/adr_daily_fixed_time_mid.csv
      hash: md5
      md5: cfb1c2febb6117910364e2d611b3ec75
      size: 555497
  hedged_backtest_fixed_time:
    cmd: backtester_run backtest_conifgs/hedged_single_time.yaml
    deps:
    - path: backtest_conifgs/hedged_single_time.yaml
      hash: md5
      md5: 1789a276c9b846b0079da3403149ab6f
      size: 2871
    - path: data/processed/adrs/adr_daily_fixed_time_mid.csv
      hash: md5
      md5: cfb1c2febb6117910364e2d611b3ec75
      size: 555497
    - path: data/processed/etfs/market/market_etf_daily_fixed_time_mid.csv
      hash: md5
      md5: a4bce7a9cae8e608573a19fa57de014f
      size: 46590
    - path: data/processed/fixed_time_signal.csv
      hash: md5
      md5: a5fded42bbac921ae017e5c4d7d92879
      size: 1199367
    - path: data/processed/market_etf_hedge_ratios.csv
      hash: md5
      md5: 7f7b51dc82d32f0e80ec5604826ae2b3
      size: 1018884
    - path: data/raw/adrs/adr_PX_LAST_adjust_none.csv
      hash: md5
      md5: a41599a2c1970259d8131e2665c1fa42
      size: 347020
    - path: data/raw/adrs/adr_turnover.csv
      hash: md5
      md5: d1911eb3f60f5146797e81a3ddaaf91e
      size: 645708
    - path: data/raw/all_splits.csv
      hash: md5
      md5: 973c7f441733bcc0fe6031d4bd492563
      size: 11639
    - path: data/raw/etfs/market/market_etf_PX_LAST_adjust_none.csv
      hash: md5
      md5: 8c405cc4ebe9dcadd0fea00bc3ea4fc2
      size: 33581
    - path: src/backtest_strategies/single_time_ADR.py
      hash: md5
      md5: 07aa1746b1814802ac6e10865c600228
      size: 8138
  minute_vwap_hedged_ADR_backtest:
    cmd: backtester_run backtest_conifgs/minute_vwap_hedged_ADR.yaml
    deps:
    - path: backtest_conifgs/minute_vwap_hedged_ADR.yaml
      hash: md5
      md5: e236c6d61fced5cc30c2ef75ccdc513c
      size: 3165
    - path: data/processed/adrs/adr_daily_fixed_time_mid.csv
      hash: md5
      md5: cfb1c2febb6117910364e2d611b3ec75
      size: 555497
    - path: data/processed/etfs/market/market_etf_daily_fixed_time_mid.csv
      hash: md5
      md5: a4bce7a9cae8e608573a19fa57de014f
      size: 46590
    - path: data/processed/fixed_time_signal.csv
      hash: md5
      md5: a5fded42bbac921ae017e5c4d7d92879
      size: 1199367
    - path: data/processed/market_etf_hedge_ratios.csv
      hash: md5
      md5: 7f7b51dc82d32f0e80ec5604826ae2b3
      size: 1018884
    - path: data/raw/adrs/adr_PX_LAST_adjust_none.csv
      hash: md5
      md5: a41599a2c1970259d8131e2665c1fa42
      size: 347020
    - path: data/raw/adrs/adr_turnover.csv
      hash: md5
      md5: d1911eb3f60f5146797e81a3ddaaf91e
      size: 645708
    - path: data/raw/all_splits.csv
      hash: md5
      md5: 973c7f441733bcc0fe6031d4bd492563
      size: 11639
    - path: data/raw/etfs/market/market_etf_PX_LAST_adjust_none.csv
      hash: md5
      md5: 8c405cc4ebe9dcadd0fea00bc3ea4fc2
      size: 33581
    - path: src/backtest_strategies/minute_vwap_hedged_ADR.py
      hash: md5
      md5: 3ba60eaefa26aadf59da331f1ca925e1
      size: 11607
